
Microsoft Visual Studio Solution File, Format Version 12.00
# Visual Studio 14
VisualStudioVersion = 14.0.25420.1
MinimumVisualStudioVersion = 10.0.40219.1
Project("{FAE04EC0-301F-11D3-BF4B-00C04F79EFBC}") = "finplanner.UI", "finplanner.UI\finplanner.UI.csproj", "{583FDAA6-E12B-4709-B972-2A819523C9D6}"
EndProject
Project("{FAE04EC0-301F-11D3-BF4B-00C04F79EFBC}") = "financialplanner.Data", "financialplanner.Data\financialplanner.Data.csproj", "{6A95B985-44B9-4D5E-85B4-5BF5768DEBB4}"
EndProject
Project("{FAE04EC0-301F-11D3-BF4B-00C04F79EFBC}") = "lab1demo", "lab1demo\lab1demo.csproj", "{665E6CAF-4CA9-41F3-B63C-9FF8D2E935EA}"
EndProject
Project("{FAE04EC0-301F-11D3-BF4B-00C04F79EFBC}") = "lab2", "lab2\lab2.csproj", "{5D61A2D4-D01B-43B1-9DDB-0100FE1AB97C}"
EndProject
Project("{FAE04EC0-301F-11D3-BF4B-00C04F79EFBC}") = "lab3", "lab3\lab3.csproj", "{37C3ED67-DF4F-4A4B-A240-3AFA4BB6946E}"
EndProject
Project("{FAE04EC0-301F-11D3-BF4B-00C04F79EFBC}") = "lab4", "lab4\lab4.csproj", "{E898F765-1A2E-4B60-BD4B-F19A6F558EF6}"
EndProject
Project("{FAE04EC0-301F-11D3-BF4B-00C04F79EFBC}") = "lab5", "lab5\lab5.csproj", "{A35B1FEB-5AF2-4ED5-872D-B6DA9F786717}"
EndProject
Project("{FAE04EC0-301F-11D3-BF4B-00C04F79EFBC}") = "Server", "Service\Server.csproj", "{9E222576-E1F4-491B-B412-2CCA8B53E550}"
EndProject
Project("{FAE04EC0-301F-11D3-BF4B-00C04F79EFBC}") = "lab6demo", "lab6demo\lab6demo.csproj", "{89671565-AE7A-4B30-9C0E-5F6F71910F47}"
	ProjectSection(ProjectDependencies) = postProject
		{9E222576-E1F4-491B-B412-2CCA8B53E550} = {9E222576-E1F4-491B-B412-2CCA8B53E550}
	EndProjectSection
EndProject
Global
	GlobalSection(SolutionConfigurationPlatforms) = preSolution
		Debug|Any CPU = Debug|Any CPU
		Release|Any CPU = Release|Any CPU
	EndGlobalSection
	GlobalSection(ProjectConfigurationPlatforms) = postSolution
		{583FDAA6-E12B-4709-B972-2A819523C9D6}.Debug|Any CPU.ActiveCfg = Debug|Any CPU
		{583FDAA6-E12B-4709-B972-2A819523C9D6}.Debug|Any CPU.Build.0 = Debug|Any CPU
		{583FDAA6-E12B-4709-B972-2A819523C9D6}.Release|Any CPU.ActiveCfg = Release|Any CPU
		{583FDAA6-E12B-4709-B972-2A819523C9D6}.Release|Any CPU.Build.0 = Release|Any CPU
		{6A95B985-44B9-4D5E-85B4-5BF5768DEBB4}.Debug|Any CPU.ActiveCfg = Debug|Any CPU
		{6A95B985-44B9-4D5E-85B4-5BF5768DEBB4}.Debug|Any CPU.Build.0 = Debug|Any CPU
		{6A95B985-44B9-4D5E-85B4-5BF5768DEBB4}.Release|Any CPU.ActiveCfg = Release|Any CPU
		{6A95B985-44B9-4D5E-85B4-5BF5768DEBB4}.Release|Any CPU.Build.0 = Release|Any CPU
		{665E6CAF-4CA9-41F3-B63C-9FF8D2E935EA}.Debug|Any CPU.ActiveCfg = Debug|Any CPU
		{665E6CAF-4CA9-41F3-B63C-9FF8D2E935EA}.Debug|Any CPU.Build.0 = Debug|Any CPU
		{665E6CAF-4CA9-41F3-B63C-9FF8D2E935EA}.Release|Any CPU.ActiveCfg = Release|Any CPU
		{665E6CAF-4CA9-41F3-B63C-9FF8D2E935EA}.Release|Any CPU.Build.0 = Release|Any CPU
		{5D61A2D4-D01B-43B1-9DDB-0100FE1AB97C}.Debug|Any CPU.ActiveCfg = Debug|Any CPU
		{5D61A2D4-D01B-43B1-9DDB-0100FE1AB97C}.Debug|Any CPU.Build.0 = Debug|Any CPU
		{5D61A2D4-D01B-43B1-9DDB-0100FE1AB97C}.Release|Any CPU.ActiveCfg = Release|Any CPU
		{5D61A2D4-D01B-43B1-9DDB-0100FE1AB97C}.Release|Any CPU.Build.0 = Release|Any CPU
		{37C3ED67-DF4F-4A4B-A240-3AFA4BB6946E}.Debug|Any CPU.ActiveCfg = Debug|Any CPU
		{37C3ED67-DF4F-4A4B-A240-3AFA4BB6946E}.Debug|Any CPU.Build.0 = Debug|Any CPU
		{37C3ED67-DF4F-4A4B-A240-3AFA4BB6946E}.Release|Any CPU.ActiveCfg = Release|Any CPU
		{37C3ED67-DF4F-4A4B-A240-3AFA4BB6946E}.Release|Any CPU.Build.0 = Release|Any CPU
		{E898F765-1A2E-4B60-BD4B-F19A6F558EF6}.Debug|Any CPU.ActiveCfg = Debug|Any CPU
		{E898F765-1A2E-4B60-BD4B-F19A6F558EF6}.Debug|Any CPU.Build.0 = Debug|Any CPU
		{E898F765-1A2E-4B60-BD4B-F19A6F558EF6}.Release|Any CPU.ActiveCfg = Release|Any CPU
		{E898F765-1A2E-4B60-BD4B-F19A6F558EF6}.Release|Any CPU.Build.0 = Release|Any CPU
		{A35B1FEB-5AF2-4ED5-872D-B6DA9F786717}.Debug|Any CPU.ActiveCfg = Debug|Any CPU
		{A35B1FEB-5AF2-4ED5-872D-B6DA9F786717}.Debug|Any CPU.Build.0 = Debug|Any CPU
		{A35B1FEB-5AF2-4ED5-872D-B6DA9F786717}.Release|Any CPU.ActiveCfg = Release|Any CPU
		{A35B1FEB-5AF2-4ED5-872D-B6DA9F786717}.Release|Any CPU.Build.0 = Release|Any CPU
		{9E222576-E1F4-491B-B412-2CCA8B53E550}.Debug|Any CPU.ActiveCfg = Debug|Any CPU
		{9E222576-E1F4-491B-B412-2CCA8B53E550}.Debug|Any CPU.Build.0 = Debug|Any CPU
		{9E222576-E1F4-491B-B412-2CCA8B53E550}.Release|Any CPU.ActiveCfg = Release|Any CPU
		{9E222576-E1F4-491B-B412-2CCA8B53E550}.Release|Any CPU.Build.0 = Release|Any CPU
		{89671565-AE7A-4B30-9C0E-5F6F71910F47}.Debug|Any CPU.ActiveCfg = Debug|Any CPU
		{89671565-AE7A-4B30-9C0E-5F6F71910F47}.Debug|Any CPU.Build.0 = Debug|Any CPU
		{89671565-AE7A-4B30-9C0E-5F6F71910F47}.Release|Any CPU.ActiveCfg = Release|Any CPU
		{89671565-AE7A-4B30-9C0E-5F6F71910F47}.Release|Any CPU.Build.0 = Release|Any CPU
	EndGlobalSection
	GlobalSection(SolutionProperties) = preSolution
		HideSolutionNode = FALSE
	EndGlobalSection
EndGlobal
